version = 1
revision = 3
requires-python = "==3.12.*"

[[package]]
name = "annotated-doc"
version = "0.0.4"
source = { registry = "https://pypi.org/simple" }
sdist = { url = "https://files.pythonhosted.org/packages/57/ba/046ceea27344560984e26a590f90bc7f4a75b06701f653222458922b558c/annotated_doc-0.0.4.tar.gz", hash = "sha256:fbcda96e87e9c92ad167c2e53839e57503ecfda18804ea28102353485033faa4", size = 7288, upload-time = "2025-11-10T22:07:42.062Z" }
wheels = [
    { url = "https://files.pythonhosted.org/packages/1e/d3/26bf1008eb3d2daa8ef4cacc7f3bfdc11818d111f7e2d0201bc6e3b49d45/annotated_doc-0.0.4-py3-none-any.whl", hash = "sha256:571ac1dc6991c450b25a9c2d84a3705e2ae7a53467b5d111c24fa8baabbed320", size = 5303, upload-time = "2025-11-10T22:07:40.673Z" },
]

[[package]]
name = "annotated-types"
version = "0.7.0"
source = { registry = "https://pypi.org/simple" }
sdist = { url = "https://files.pythonhosted.org/packages/ee/67/531ea369ba64dcff5ec9c3402f9f51bf748cec26dde048a2f973a4eea7f5/annotated_types-0.7.0.tar.gz", hash = "sha256:aff07c09a53a08bc8cfccb9c85b05f1aa9a2a6f23728d790723543408344ce89", size = 16081, upload-time = "2024-05-20T21:33:25.928Z" }
wheels = [
    { url = "https://files.pythonhosted.org/packages/78/b6/6307fbef88d9b5ee7421e68d78a9f162e0da4900bc5f5793f6d3d0e34fb8/annotated_types-0.7.0-py3-none-any.whl", hash = "sha256:1f02e8b43a8fbbc3f3e0d4f0f4bfc8131bcb4eebe8849b8e5c773f3a1c582a53", size = 13643, upload-time = "2024-05-20T21:33:24.1Z" },
]

[[package]]
name = "anyio"
version = "4.13.0"
source = { registry = "https://pypi.org/simple" }
dependencies = [
    { name = "idna" },
    { name = "typing-extensions" },
]
sdist = { url = "https://files.pythonhosted.org/packages/19/14/2c5dd9f512b66549ae92767a9c7b330ae88e1932ca57876909410251fe13/anyio-4.13.0.tar.gz", hash = "sha256:334b70e641fd2221c1505b3890c69882fe4a2df910cba14d97019b90b24439dc", size = 231622, upload-time = "2026-03-24T12:59:09.671Z" }
wheels = [
    { url = "https://files.pythonhosted.org/packages/da/42/e921fccf5015463e32a3cf6ee7f980a6ed0f395ceeaa45060b61d86486c2/anyio-4.13.0-py3-none-any.whl", hash = "sha256:08b310f9e24a9594186fd75b4f73f4a4152069e3853f1ed8bfbf58369f4ad708", size = 114353, upload-time = "2026-03-24T12:59:08.246Z" },
]

[[package]]
name = "certifi"
version = "2026.2.25"
source = { registry = "https://pypi.org/simple" }
sdist = { url = "https://files.pythonhosted.org/packages/af/2d/7bf41579a8986e348fa033a31cdd0e4121114f6bce2457e8876010b092dd/certifi-2026.2.25.tar.gz", hash = "sha256:e887ab5cee78ea814d3472169153c2d12cd43b14bd03329a39a9c6e2e80bfba7", size = 155029, upload-time = "2026-02-25T02:54:17.342Z" }
wheels = [
    { url = "https://files.pythonhosted.org/packages/9a/3c/c17fb3ca2d9c3acff52e30b309f538586f9f5b9c9cf454f3845fc9af4881/certifi-2026.2.25-py3-none-any.whl", hash = "sha256:027692e4402ad994f1c42e52a4997a9763c646b73e4096e4d5d6db8af1d6f0fa", size = 153684, upload-time = "2026-02-25T02:54:15.766Z" },
]

[[package]]
name = "click"
version = "8.3.2"
source = { registry = "https://pypi.org/simple" }
dependencies = [
    { name = "colorama", marker = "sys_platform == 'win32'" },
]
sdist = { url = "https://files.pythonhosted.org/packages/57/75/31212c6bf2503fdf920d87fee5d7a86a2e3bcf444984126f13d8e4016804/click-8.3.2.tar.gz", hash = "sha256:14162b8b3b3550a7d479eafa77dfd3c38d9dc8951f6f69c78913a8f9a7540fd5", size = 302856, upload-time = "2026-04-03T19:14:45.118Z" }
wheels = [
    { url = "https://files.pythonhosted.org/packages/e4/20/71885d8b97d4f3dde17b1fdb92dbd4908b00541c5a3379787137285f602e/click-8.3.2-py3-none-any.whl", hash = "sha256:1924d2c27c5653561cd2cae4548d1406039cb79b858b747cfea24924bbc1616d", size = 108379, upload-time = "2026-04-03T19:14:43.505Z" },
]

[[package]]
name = "colorama"
version = "0.4.6"
source = { registry = "https://pypi.org/simple" }
sdist = { url = "https://files.pythonhosted.org/packages/d8/53/6f443c9a4a8358a93a6792e2acffb9d9d5cb0a5cfd8802644b7b1c9a02e4/colorama-0.4.6.tar.gz", hash = "sha256:08695f5cb7ed6e0531a20572697297273c47b8cae5a63ffc6d6ed5c201be6e44", size = 27697, upload-time = "2022-10-25T02:36:22.414Z" }
wheels = [
    { url = "https://files.pythonhosted.org/packages/d1/d6/3965ed04c63042e047cb6a3e6ed1a63a35087b6a609aa3a15ed8ac56c221/colorama-0.4.6-py2.py3-none-any.whl", hash = "sha256:4f1d9991f5acc0ca119f9d443620b77f9d6b33703e51011c16baf57afb285fc6", size = 25335, upload-time = "2022-10-25T02:36:20.889Z" },
]

[[package]]
name = "fastapi"
version = "0.135.3"
source = { registry = "https://pypi.org/simple" }
dependencies = [
    { name = "annotated-doc" },
    { name = "pydantic" },
    { name = "starlette" },
    { name = "typing-extensions" },
    { name = "typing-inspection" },
]
sdist = { url = "https://files.pythonhosted.org/packages/f7/e6/7adb4c5fa231e82c35b8f5741a9f2d055f520c29af5546fd70d3e8e1cd2e/fastapi-0.135.3.tar.gz", hash = "sha256:bd6d7caf1a2bdd8d676843cdcd2287729572a1ef524fc4d65c17ae002a1be654", size = 396524, upload-time = "2026-04-01T16:23:58.188Z" }
wheels = [
    { url = "https://files.pythonhosted.org/packages/84/a4/5caa2de7f917a04ada20018eccf60d6cc6145b0199d55ca3711b0fc08312/fastapi-0.135.3-py3-none-any.whl", hash = "sha256:9b0f590c813acd13d0ab43dd8494138eb58e484bfac405db1f3187cfc5810d98", size = 117734, upload-time = "2026-04-01T16:23:59.328Z" },
]

[[package]]
name = "h11"
version = "0.16.0"
source = { registry = "https://pypi.org/simple" }
sdist = { url = "https://files.pythonhosted.org/packages/01/ee/02a2c011bdab74c6fb3c75474d40b3052059d95df7e73351460c8588d963/h11-0.16.0.tar.gz", hash = "sha256:4e35b956cf45792e4caa5885e69fba00bdbc6ffafbfa020300e549b208ee5ff1", size = 101250, upload-time = "2025-04-24T03:35:25.427Z" }
wheels = [
    { url = "https://files.pythonhosted.org/packages/04/4b/29cac41a4d98d144bf5f6d33995617b185d14b22401f75ca86f384e87ff1/h11-0.16.0-py3-none-any.whl", hash = "sha256:63cf8bbe7522de3bf65932fda1d9c2772064ffb3dae62d55932da54b31cb6c86", size = 37515, upload-time = "2025-04-24T03:35:24.344Z" },
]

[[package]]
name = "httpcore"
version = "1.0.9"
source = { registry = "https://pypi.org/simple" }
dependencies = [
    { name = "certifi" },
    { name = "h11" },
]
sdist = { url = "https://files.pythonhosted.org/packages/06/94/82699a10bca87a5556c9c59b5963f2d039dbd239f25bc2a63907a05a14cb/httpcore-1.0.9.tar.gz", hash = "sha256:6e34463af53fd2ab5d807f399a9b45ea31c3dfa2276f15a2c3f00afff6e176e8", size = 85484, upload-time = "2025-04-24T22:06:22.219Z" }
wheels = [
    { url = "https://files.pythonhosted.org/packages/7e/f5/f66802a942d491edb555dd61e3a9961140fd64c90bce1eafd741609d334d/httpcore-1.0.9-py3-none-any.whl", hash = "sha256:2d400746a40668fc9dec9810239072b40b4484b640a8c38fd654a024c7a1bf55", size = 78784, upload-time = "2025-04-24T22:06:20.566Z" },
]

[[package]]
name = "httptools"
version = "0.7.1"
source = { registry = "https://pypi.org/simple" }
sdist = { url = "https://files.pythonhosted.org/packages/b5/46/120a669232c7bdedb9d52d4aeae7e6c7dfe151e99dc70802e2fc7a5e1993/httptools-0.7.1.tar.gz", hash = "sha256:abd72556974f8e7c74a259655924a717a2365b236c882c3f6f8a45fe94703ac9", size = 258961, upload-time = "2025-10-10T03:55:08.559Z" }
wheels = [
    { url = "https://files.pythonhosted.org/packages/53/7f/403e5d787dc4942316e515e949b0c8a013d84078a915910e9f391ba9b3ed/httptools-0.7.1-cp312-cp312-macosx_10_13_universal2.whl", hash = "sha256:38e0c83a2ea9746ebbd643bdfb521b9aa4a91703e2cd705c20443405d2fd16a5", size = 206280, upload-time = "2025-10-10T03:54:39.274Z" },
    { url = "https://files.pythonhosted.org/packages/2a/0d/7f3fd28e2ce311ccc998c388dd1c53b18120fda3b70ebb022b135dc9839b/httptools-0.7.1-cp312-cp312-macosx_11_0_arm64.whl", hash = "sha256:f25bbaf1235e27704f1a7b86cd3304eabc04f569c828101d94a0e605ef7205a5", size = 110004, upload-time = "2025-10-10T03:54:40.403Z" },
    { url = "https://files.pythonhosted.org/packages/84/a6/b3965e1e146ef5762870bbe76117876ceba51a201e18cc31f5703e454596/httptools-0.7.1-cp312-cp312-manylinux1_x86_64.manylinux_2_28_x86_64.manylinux_2_5_x86_64.whl", hash = "sha256:2c15f37ef679ab9ecc06bfc4e6e8628c32a8e4b305459de7cf6785acd57e4d03", size = 517655, upload-time = "2025-10-10T03:54:41.347Z" },
    { url = "https://files.pythonhosted.org/packages/11/7d/71fee6f1844e6fa378f2eddde6c3e41ce3a1fb4b2d81118dd544e3441ec0/httptools-0.7.1-cp312-cp312-manylinux2014_aarch64.manylinux_2_17_aarch64.manylinux_2_28_aarch64.whl", hash = "sha256:7fe6e96090df46b36ccfaf746f03034e5ab723162bc51b0a4cf58305324036f2", size = 511440, upload-time = "2025-10-10T03:54:42.452Z" },
    { url = "https://files.pythonhosted.org/packages/22/a5/079d216712a4f3ffa24af4a0381b108aa9c45b7a5cc6eb141f81726b1823/httptools-0.7.1-cp312-cp312-musllinux_1_2_aarch64.whl", hash = "sha256:f72fdbae2dbc6e68b8239defb48e6a5937b12218e6ffc2c7846cc37befa84362", size = 495186, upload-time = "2025-10-10T03:54:43.937Z" },
    { url = "https://files.pythonhosted.org/packages/e9/9e/025ad7b65278745dee3bd0ebf9314934c4592560878308a6121f7f812084/httptools-0.7.1-cp312-cp312-musllinux_1_2_x86_64.whl", hash = "sha256:e99c7b90a29fd82fea9ef57943d501a16f3404d7b9ee81799d41639bdaae412c", size = 499192, upload-time = "2025-10-10T03:54:45.003Z" },
    { url = "https://files.pythonhosted.org/packages/6d/de/40a8f202b987d43afc4d54689600ff03ce65680ede2f31df348d7f368b8f/httptools-0.7.1-cp312-cp312-win_amd64.whl", hash = "sha256:3e14f530fefa7499334a79b0cf7e7cd2992870eb893526fb097d51b4f2d0f321", size = 86694, upload-time = "2025-10-10T03:54:45.923Z" },
]

[[package]]
name = "httpx"
version = "0.28.1"
source = { registry = "https://pypi.org/simple" }
dependencies = [
    { name = "anyio" },
    { name = "certifi" },
    { name = "httpcore" },
    { name = "idna" },
]
sdist = { url = "https://files.pythonhosted.org/packages/b1/df/48c586a5fe32a0f01324ee087459e112ebb7224f646c0b5023f5e79e9956/httpx-0.28.1.tar.gz", hash = "sha256:75e98c5f16b0f35b567856f597f06ff2270a374470a5c2392242528e3e3e42fc", size = 141406, upload-time = "2024-12-06T15:37:23.222Z" }
wheels = [
    { url = "https://files.pythonhosted.org/packages/2a/39/e50c7c3a983047577ee07d2a9e53faf5a69493943ec3f6a384bdc792deb2/httpx-0.28.1-py3-none-any.whl", hash = "sha256:d909fcccc110f8c7faf814ca82a9a4d816bc5a6dbfea25d6591d6985b8ba59ad", size = 73517, upload-time = "2024-12-06T15:37:21.509Z" },
]

[[package]]
name = "idna"
version = "3.11"
source = { registry = "https://pypi.org/simple" }
sdist = { url = "https://files.pythonhosted.org/packages/6f/6d/0703ccc57f3a7233505399edb88de3cbd678da106337b9fcde432b65ed60/idna-3.11.tar.gz", hash = "sha256:795dafcc9c04ed0c1fb032c2aa73654d8e8c5023a7df64a53f39190ada629902", size = 194582, upload-time = "2025-10-12T14:55:20.501Z" }
wheels = [
    { url = "https://files.pythonhosted.org/packages/0e/61/66938bbb5fc52dbdf84594873d5b51fb1f7c7794e9c0f5bd885f30bc507b/idna-3.11-py3-none-any.whl", hash = "sha256:771a87f49d9defaf64091e6e6fe9c18d4833f140bd19464795bc32d966ca37ea", size = 71008, upload-time = "2025-10-12T14:55:18.883Z" },
]

[[package]]
name = "pydantic"
version = "2.13.0"
source = { registry = "https://pypi.org/simple" }
dependencies = [
    { name = "annotated-types" },
    { name = "pydantic-core" },
    { name = "typing-extensions" },
    { name = "typing-inspection" },
]
sdist = { url = "https://files.pythonhosted.org/packages/84/6b/69fd5c7194b21ebde0f8637e2a4ddc766ada29d472bfa6a5ca533d79549a/pydantic-2.13.0.tar.gz", hash = "sha256:b89b575b6e670ebf6e7448c01b41b244f471edd276cd0b6fe02e7e7aca320070", size = 843468, upload-time = "2026-04-13T10:51:35.571Z" }
wheels = [
    { url = "https://files.pythonhosted.org/packages/01/d7/c3a52c61f5b7be648e919005820fbac33028c6149994cd64453f49951c17/pydantic-2.13.0-py3-none-any.whl", hash = "sha256:ab0078b90da5f3e2fd2e71e3d9b457ddcb35d0350854fbda93b451e28d56baaf", size = 471872, upload-time = "2026-04-13T10:51:33.343Z" },
]

[[package]]
name = "pydantic-core"
version = "2.46.0"
source = { registry = "https://pypi.org/simple" }
dependencies = [
    { name = "typing-extensions" },
]
sdist = { url = "https://files.pythonhosted.org/packages/6f/0a/9414cddf82eda3976b14048cc0fa8f5b5d1aecb0b22e1dcd2dbfe0e139b1/pydantic_core-2.46.0.tar.gz", hash = "sha256:82d2498c96be47b47e903e1378d1d0f770097ec56ea953322f39936a7cf34977", size = 471441, upload-time = "2026-04-13T09:06:33.813Z" }
wheels = [
    { url = "https://files.pythonhosted.org/packages/a7/d2/206c72ad47071559142a35f71efc29eb16448a4a5ae9487230ab8e4e292b/pydantic_core-2.46.0-cp312-cp312-macosx_10_12_x86_64.whl", hash = "sha256:66ccedb02c934622612448489824955838a221b3a35875458970521ef17b2f9c", size = 2117060, upload-time = "2026-04-13T09:04:47.443Z" },
    { url = "https://files.pythonhosted.org/packages/17/2c/7a53b33f91c8b77e696b1a6aa3bed609bf9374bdc0f8dcda681bc7d922b8/pydantic_core-2.46.0-cp312-cp312-macosx_11_0_arm64.whl", hash = "sha256:a44f27f4d2788ef9876ec47a43739b118c5904d74f418f53398f6ced3bbcacf2", size = 1951802, upload-time = "2026-04-13T09:05:34.591Z" },
    { url = "https://files.pythonhosted.org/packages/fc/20/90e548c1f6d38800ef11c915881525770ce270d8e5e887563ff046a08674/pydantic_core-2.46.0-cp312-cp312-manylinux_2_17_aarch64.manylinux2014_aarch64.whl", hash = "sha256:f26a1032bcce6ca4b4670eb3f7d8195bd0a8b8f255f1307823e217ca3cfa7c27", size = 1976621, upload-time = "2026-04-13T09:04:03.909Z" },
    { url = "https://files.pythonhosted.org/packages/20/3c/9c5810ca70b60c623488cdd80f7e9ee1a0812df81e97098b64788719860f/pydantic_core-2.46.0-cp312-cp312-manylinux_2_17_armv7l.manylinux2014_armv7l.whl", hash = "sha256:1b8d1412f725060527e56675904b17a2d421dddcf861eecf7c75b9dda47921a4", size = 2056721, upload-time = "2026-04-13T09:04:40.992Z" },
    { url = "https://files.pythonhosted.org/packages/1a/a3/d6e5f4cdec84278431c75540f90838c9d0a4dfe9402a8f3902073660ff28/pydantic_core-2.46.0-cp312-cp312-manylinux_2_17_ppc64le.manylinux2014_ppc64le.whl", hash = "sha256:dc3d1569edd859cabaa476cabce9eecd05049a7966af7b4a33b541bfd4ca1104", size = 2239634, upload-time = "2026-04-13T09:03:52.478Z" },
    { url = "https://files.pythonhosted.org/packages/46/42/ef58aacf330d8de6e309d62469aa1f80e945eaf665929b4037ac1bfcebc1/pydantic_core-2.46.0-cp312-cp312-manylinux_2_17_s390x.manylinux2014_s390x.whl", hash = "sha256:38108976f2d8afaa8f5067fd1390a8c9f5cc580175407cda636e76bc76e88054", size = 2315739, upload-time = "2026-04-13T09:05:04.971Z" },
    { url = "https://files.pythonhosted.org/packages/8b/86/c63b12fafa2d86a515bfd1840b39c23a49302f02b653161bf9c3a0566c50/pydantic_core-2.46.0-cp312-cp312-manylinux_2_17_x86_64.manylinux2014_x86_64.whl", hash = "sha256:3a5a06d8ed01dad5575056b5187e5959b336793c6047920a3441ee5b03533836", size = 2098169, upload-time = "2026-04-13T09:07:27.151Z" },
    { url = "https://files.pythonhosted.org/packages/76/19/b5b33a2f6be4755b21a20434293c4364be255f4c1a108f125d101d4cc4ee/pydantic_core-2.46.0-cp312-cp312-manylinux_2_31_riscv64.whl", hash = "sha256:04017ace142da9ce27cafd423a480872571b5c7e80382aec22f7d715ca8eb870", size = 2170830, upload-time = "2026-04-13T09:04:39.448Z" },
    { url = "https://files.pythonhosted.org/packages/99/ae/7559f99a29b7d440012ddb4da897359304988a881efaca912fd2f655652e/pydantic_core-2.46.0-cp312-cp312-manylinux_2_5_i686.manylinux1_i686.whl", hash = "sha256:2629ad992ed1b1c012e6067f5ffafd3336fcb9b54569449fabb85621f1444ed3", size = 2203901, upload-time = "2026-04-13T09:04:01.048Z" },
    { url = "https://files.pythonhosted.org/packages/dd/0e/b0ef945a39aeb4ac58da316813e1106b7fbdfbf20ac141c1c27904355ac5/pydantic_core-2.46.0-cp312-cp312-musllinux_1_1_aarch64.whl", hash = "sha256:3068b1e7bd986aebc88f6859f8353e72072538dcf92a7fb9cf511a0f61c5e729", size = 2191789, upload-time = "2026-04-13T09:06:39.915Z" },
    { url = "https://files.pythonhosted.org/packages/90/f4/830484e07188c1236b013995818888ab93bab8fd88aa9689b1d8fd22220d/pydantic_core-2.46.0-cp312-cp312-musllinux_1_1_armv7l.whl", hash = "sha256:1e366916ff69ff700aa9326601634e688581bc24c5b6b4f8738d809ec7d72611", size = 2344423, upload-time = "2026-04-13T09:05:12.252Z" },
    { url = "https://files.pythonhosted.org/packages/fd/ba/e455c18cbdc333177af754e740be4fe9d1de173d65bbe534daf88da02ac0/pydantic_core-2.46.0-cp312-cp312-musllinux_1_1_x86_64.whl", hash = "sha256:485a23e8f4618a1b8e23ac744180acde283fffe617f96923d25507d5cade62ec", size = 2384037, upload-time = "2026-04-13T09:06:24.503Z" },
    { url = "https://files.pythonhosted.org/packages/78/1f/b35d20d73144a41e78de0ae398e60fdd8bed91667daa1a5a92ab958551ba/pydantic_core-2.46.0-cp312-cp312-win32.whl", hash = "sha256:520940e1b702fe3b33525d0351777f25e9924f1818ca7956447dabacf2d339fd", size = 1967068, upload-time = "2026-04-13T09:05:23.374Z" },
    { url = "https://files.pythonhosted.org/packages/d1/84/4b6252e9606e8295647b848233cc4137ee0a04ebba8f0f9fb2977655b38c/pydantic_core-2.46.0-cp312-cp312-win_amd64.whl", hash = "sha256:90d2048e0339fa365e5a66aefe760ddd3b3d0a45501e088bc5bc7f4ed9ff9571", size = 2071008, upload-time = "2026-04-13T09:05:21.392Z" },
    { url = "https://files.pythonhosted.org/packages/39/95/d08eb508d4d5560ccbd226ee5971e5ef9b749aba9b413c0c4ed6e406d4f6/pydantic_core-2.46.0-cp312-cp312-win_arm64.whl", hash = "sha256:a70247649b7dffe36648e8f34be5ce8c5fa0a27ff07b071ea780c20a738c05ce", size = 2036634, upload-time = "2026-04-13T09:05:48.299Z" },
    { url = "https://files.pythonhosted.org/packages/74/0c/106ed5cc50393d90523f09adcc50d05e42e748eb107dc06aea971137f02d/pydantic_core-2.46.0-graalpy312-graalpy250_312_native-macosx_10_12_x86_64.whl", hash = "sha256:bc0e2fefe384152d7da85b5c2fe8ce2bf24752f68a58e3f3ea42e28a29dfdeb2", size = 2104968, upload-time = "2026-04-13T09:06:26.967Z" },
    { url = "https://files.pythonhosted.org/packages/f5/71/b494cef3165e3413ee9bbbb5a9eedc9af0ea7b88d8638beef6c2061b110e/pydantic_core-2.46.0-graalpy312-graalpy250_312_native-macosx_11_0_arm64.whl", hash = "sha256:a2ab0e785548be1b4362a62c4004f9217598b7ee465f1f420fc2123e2a5b5b02", size = 1940442, upload-time = "2026-04-13T09:06:29.332Z" },
    { url = "https://files.pythonhosted.org/packages/7e/3e/a4d578c8216c443e26a1124f8c1e07c0654264ce5651143d3883d85ff140/pydantic_core-2.46.0-graalpy312-graalpy250_312_native-manylinux_2_17_aarch64.manylinux2014_aarch64.whl", hash = "sha256:16d45aecb18b8cba1c68eeb17c2bb2d38627ceed04c5b30b882fc9134e01f187", size = 1999672, upload-time = "2026-04-13T09:04:42.798Z" },
    { url = "https://files.pythonhosted.org/packages/cd/c1/9114560468685525a21770138382fd0cb849aaf351ff2c7b97f760d121e0/pydantic_core-2.46.0-graalpy312-graalpy250_312_native-manylinux_2_17_x86_64.manylinux2014_x86_64.whl", hash = "sha256:5078f6c377b002428e984259ac327ef8902aacae6c14b7de740dd4869a491501", size = 2154533, upload-time = "2026-04-13T09:04:50.868Z" },
]

[[package]]
name = "python-dotenv"
version = "1.2.2"
source = { registry = "https://pypi.org/simple" }
sdist = { url = "https://files.pythonhosted.org/packages/82/ed/0301aeeac3e5353ef3d94b6ec08bbcabd04a72018415dcb29e588514bba8/python_dotenv-1.2.2.tar.gz", hash = "sha256:2c371a91fbd7ba082c2c1dc1f8bf89ca22564a087c2c287cd9b662adde799cf3", size = 50135, upload-time = "2026-03-01T16:00:26.196Z" }
wheels = [
    { url = "https://files.pythonhosted.org/packages/0b/d7/1959b9648791274998a9c3526f6d0ec8fd2233e4d4acce81bbae76b44b2a/python_dotenv-1.2.2-py3-none-any.whl", hash = "sha256:1d8214789a24de455a8b8bd8ae6fe3c6b69a5e3d64aa8a8e5d68e694bbcb285a", size = 22101, upload-time = "2026-03-01T16:00:25.09Z" },
]

[[package]]
name = "pyyaml"
version = "6.0.3"
source = { registry = "https://pypi.org/simple" }
sdist = { url = "https://files.pythonhosted.org/packages/05/8e/961c0007c59b8dd7729d542c61a4d537767a59645b82a0b521206e1e25c2/pyyaml-6.0.3.tar.gz", hash = "sha256:d76623373421df22fb4cf8817020cbb7ef15c725b9d5e45f17e189bfc384190f", size = 130960, upload-time = "2025-09-25T21:33:16.546Z" }
wheels = [
    { url = "https://files.pythonhosted.org/packages/d1/33/422b98d2195232ca1826284a76852ad5a86fe23e31b009c9886b2d0fb8b2/pyyaml-6.0.3-cp312-cp312-macosx_10_13_x86_64.whl", hash = "sha256:7f047e29dcae44602496db43be01ad42fc6f1cc0d8cd6c83d342306c32270196", size = 182063, upload-time = "2025-09-25T21:32:11.445Z" },
    { url = "https://files.pythonhosted.org/packages/89/a0/6cf41a19a1f2f3feab0e9c0b74134aa2ce6849093d5517a0c550fe37a648/pyyaml-6.0.3-cp312-cp312-macosx_11_0_arm64.whl", hash = "sha256:fc09d0aa354569bc501d4e787133afc08552722d3ab34836a80547331bb5d4a0", size = 173973, upload-time = "2025-09-25T21:32:12.492Z" },
    { url = "https://files.pythonhosted.org/packages/ed/23/7a778b6bd0b9a8039df8b1b1d80e2e2ad78aa04171592c8a5c43a56a6af4/pyyaml-6.0.3-cp312-cp312-manylinux2014_aarch64.manylinux_2_17_aarch64.manylinux_2_28_aarch64.whl", hash = "sha256:9149cad251584d5fb4981be1ecde53a1ca46c891a79788c0df828d2f166bda28", size = 775116, upload-time = "2025-09-25T21:32:13.652Z" },
    { url = "https://files.pythonhosted.org/packages/65/30/d7353c338e12baef4ecc1b09e877c1970bd3382789c159b4f89d6a70dc09/pyyaml-6.0.3-cp312-cp312-manylinux2014_s390x.manylinux_2_17_s390x.manylinux_2_28_s390x.whl", hash = "sha256:5fdec68f91a0c6739b380c83b951e2c72ac0197ace422360e6d5a959d8d97b2c", size = 844011, upload-time = "2025-09-25T21:32:15.21Z" },
    { url = "https://files.pythonhosted.org/packages/8b/9d/b3589d3877982d4f2329302ef98a8026e7f4443c765c46cfecc8858c6b4b/pyyaml-6.0.3-cp312-cp312-manylinux2014_x86_64.manylinux_2_17_x86_64.manylinux_2_28_x86_64.whl", hash = "sha256:ba1cc08a7ccde2d2ec775841541641e4548226580ab850948cbfda66a1befcdc", size = 807870, upload-time = "2025-09-25T21:32:16.431Z" },
    { url = "https://files.pythonhosted.org/packages/05/c0/b3be26a015601b822b97d9149ff8cb5ead58c66f981e04fedf4e762f4bd4/pyyaml-6.0.3-cp312-cp312-musllinux_1_2_aarch64.whl", hash = "sha256:8dc52c23056b9ddd46818a57b78404882310fb473d63f17b07d5c40421e47f8e", size = 761089, upload-time = "2025-09-25T21:32:17.56Z" },
    { url = "https://files.pythonhosted.org/packages/be/8e/98435a21d1d4b46590d5459a22d88128103f8da4c2d4cb8f14f2a96504e1/pyyaml-6.0.3-cp312-cp312-musllinux_1_2_x86_64.whl", hash = "sha256:41715c910c881bc081f1e8872880d3c650acf13dfa8214bad49ed4cede7c34ea", size = 790181, upload-time = "2025-09-25T21:32:18.834Z" },
    { url = "https://files.pythonhosted.org/packages/74/93/7baea19427dcfbe1e5a372d81473250b379f04b1bd3c4c5ff825e2327202/pyyaml-6.0.3-cp312-cp312-win32.whl", hash = "sha256:96b533f0e99f6579b3d4d4995707cf36df9100d67e0c8303a0c55b27b5f99bc5", size = 137658, upload-time = "2025-09-25T21:32:20.209Z" },
    { url = "https://files.pythonhosted.org/packages/86/bf/899e81e4cce32febab4fb42bb97dcdf66bc135272882d1987881a4b519e9/pyyaml-6.0.3-cp312-cp312-win_amd64.whl", hash = "sha256:5fcd34e47f6e0b794d17de1b4ff496c00986e1c83f7ab2fb8fcfe9616ff7477b", size = 154003, upload-time = "2025-09-25T21:32:21.167Z" },
    { url = "https://files.pythonhosted.org/packages/1a/08/67bd04656199bbb51dbed1439b7f27601dfb576fb864099c7ef0c3e55531/pyyaml-6.0.3-cp312-cp312-win_arm64.whl", hash = "sha256:64386e5e707d03a7e172c0701abfb7e10f0fb753ee1d773128192742712a98fd", size = 140344, upload-time = "2025-09-25T21:32:22.617Z" },
]

[[package]]
name = "starlette"
version = "1.0.0"
source = { registry = "https://pypi.org/simple" }
dependencies = [
    { name = "anyio" },
    { name = "typing-extensions" },
]
sdist = { url = "https://files.pythonhosted.org/packages/81/69/17425771797c36cded50b7fe44e850315d039f28b15901ab44839e70b593/starlette-1.0.0.tar.gz", hash = "sha256:6a4beaf1f81bb472fd19ea9b918b50dc3a77a6f2e190a12954b25e6ed5eea149", size = 2655289, upload-time = "2026-03-22T18:29:46.779Z" }
wheels = [
    { url = "https://files.pythonhosted.org/packages/0b/c9/584bc9651441b4ba60cc4d557d8a547b5aff901af35bda3a4ee30c819b82/starlette-1.0.0-py3-none-any.whl", hash = "sha256:d3ec55e0bb321692d275455ddfd3df75fff145d009685eb40dc91fc66b03d38b", size = 72651, upload-time = "2026-03-22T18:29:45.111Z" },
]

[[package]]
name = "tool-test"
version = "0.1.0"
source = { virtual = "." }
dependencies = [
    { name = "fastapi" },
    { name = "httpx" },
    { name = "pydantic" },
    { name = "uvicorn", extra = ["standard"] },
]

[package.metadata]
requires-dist = [
    { name = "fastapi", specifier = ">=0.110" },
    { name = "httpx", specifier = ">=0.27" },
    { name = "pydantic", specifier = ">=2.0" },
    { name = "uvicorn", extras = ["standard"], specifier = ">=0.29" },
]

[[package]]
name = "typing-extensions"
version = "4.15.0"
source = { registry = "https://pypi.org/simple" }
sdist = { url = "https://files.pythonhosted.org/packages/72/94/1a15dd82efb362ac84269196e94cf00f187f7ed21c242792a923cdb1c61f/typing_extensions-4.15.0.tar.gz", hash = "sha256:0cea48d173cc12fa28ecabc3b837ea3cf6f38c6d1136f85cbaaf598984861466", size = 109391, upload-time = "2025-08-25T13:49:26.313Z" }
wheels = [
    { url = "https://files.pythonhosted.org/packages/18/67/36e9267722cc04a6b9f15c7f3441c2363321a3ea07da7ae0c0707beb2a9c/typing_extensions-4.15.0-py3-none-any.whl", hash = "sha256:f0fa19c6845758ab08074a0cfa8b7aecb71c999ca73d62883bc25cc018c4e548", size = 44614, upload-time = "2025-08-25T13:49:24.86Z" },
]

[[package]]
name = "typing-inspection"
version = "0.4.2"
source = { registry = "https://pypi.org/simple" }
dependencies = [
    { name = "typing-extensions" },
]
sdist = { url = "https://files.pythonhosted.org/packages/55/e3/70399cb7dd41c10ac53367ae42139cf4b1ca5f36bb3dc6c9d33acdb43655/typing_inspection-0.4.2.tar.gz", hash = "sha256:ba561c48a67c5958007083d386c3295464928b01faa735ab8547c5692e87f464", size = 75949, upload-time = "2025-10-01T02:14:41.687Z" }
wheels = [
    { url = "https://files.pythonhosted.org/packages/dc/9b/47798a6c91d8bdb567fe2698fe81e0c6b7cb7ef4d13da4114b41d239f65d/typing_inspection-0.4.2-py3-none-any.whl", hash = "sha256:4ed1cacbdc298c220f1bd249ed5287caa16f34d44ef4e9c3d0cbad5b521545e7", size = 14611, upload-time = "2025-10-01T02:14:40.154Z" },
]

[[package]]
name = "uvicorn"
version = "0.44.0"
source = { registry = "https://pypi.org/simple" }
dependencies = [
    { name = "click" },
    { name = "h11" },
]
sdist = { url = "https://files.pythonhosted.org/packages/5e/da/6eee1ff8b6cbeed47eeb5229749168e81eb4b7b999a1a15a7176e51410c9/uvicorn-0.44.0.tar.gz", hash = "sha256:6c942071b68f07e178264b9152f1f16dfac5da85880c4ce06366a96d70d4f31e", size = 86947, upload-time = "2026-04-06T09:23:22.826Z" }
wheels = [
    { url = "https://files.pythonhosted.org/packages/b7/23/a5bbd9600dd607411fa644c06ff4951bec3a4d82c4b852374024359c19c0/uvicorn-0.44.0-py3-none-any.whl", hash = "sha256:ce937c99a2cc70279556967274414c087888e8cec9f9c94644dfca11bd3ced89", size = 69425, upload-time = "2026-04-06T09:23:21.524Z" },
]

[package.optional-dependencies]
standard = [
    { name = "colorama", marker = "sys_platform == 'win32'" },
    { name = "httptools" },
    { name = "python-dotenv" },
    { name = "pyyaml" },
    { name = "uvloop", marker = "platform_python_implementation != 'PyPy' and sys_platform != 'cygwin' and sys_platform != 'win32'" },
    { name = "watchfiles" },
    { name = "websockets" },
]

[[package]]
name = "uvloop"
version = "0.22.1"
source = { registry = "https://pypi.org/simple" }
sdist = { url = "https://files.pythonhosted.org/packages/06/f0/18d39dbd1971d6d62c4629cc7fa67f74821b0dc1f5a77af43719de7936a7/uvloop-0.22.1.tar.gz", hash = "sha256:6c84bae345b9147082b17371e3dd5d42775bddce91f885499017f4607fdaf39f", size = 2443250, upload-time = "2025-10-16T22:17:19.342Z" }
wheels = [
    { url = "https://files.pythonhosted.org/packages/3d/ff/7f72e8170be527b4977b033239a83a68d5c881cc4775fca255c677f7ac5d/uvloop-0.22.1-cp312-cp312-macosx_10_13_universal2.whl", hash = "sha256:fe94b4564e865d968414598eea1a6de60adba0c040ba4ed05ac1300de402cd42", size = 1359936, upload-time = "2025-10-16T22:16:29.436Z" },
    { url = "https://files.pythonhosted.org/packages/c3/c6/e5d433f88fd54d81ef4be58b2b7b0cea13c442454a1db703a1eea0db1a59/uvloop-0.22.1-cp312-cp312-macosx_10_13_x86_64.whl", hash = "sha256:51eb9bd88391483410daad430813d982010f9c9c89512321f5b60e2cddbdddd6", size = 752769, upload-time = "2025-10-16T22:16:30.493Z" },
    { url = "https://files.pythonhosted.org/packages/24/68/a6ac446820273e71aa762fa21cdcc09861edd3536ff47c5cd3b7afb10eeb/uvloop-0.22.1-cp312-cp312-manylinux2014_aarch64.manylinux_2_17_aarch64.manylinux_2_28_aarch64.whl", hash = "sha256:700e674a166ca5778255e0e1dc4e9d79ab2acc57b9171b79e65feba7184b3370", size = 4317413, upload-time = "2025-10-16T22:16:31.644Z" },
    { url = "https://files.pythonhosted.org/packages/5f/6f/e62b4dfc7ad6518e7eff2516f680d02a0f6eb62c0c212e152ca708a0085e/uvloop-0.22.1-cp312-cp312-manylinux2014_x86_64.manylinux_2_17_x86_64.manylinux_2_28_x86_64.whl", hash = "sha256:7b5b1ac819a3f946d3b2ee07f09149578ae76066d70b44df3fa990add49a82e4", size = 4426307, upload-time = "2025-10-16T22:16:32.917Z" },
    { url = "https://files.pythonhosted.org/packages/90/60/97362554ac21e20e81bcef1150cb2a7e4ffdaf8ea1e5b2e8bf7a053caa18/uvloop-0.22.1-cp312-cp312-musllinux_1_2_aarch64.whl", hash = "sha256:e047cc068570bac9866237739607d1313b9253c3051ad84738cbb095be0537b2", size = 4131970, upload-time = "2025-10-16T22:16:34.015Z" },
    { url = "https://files.pythonhosted.org/packages/99/39/6b3f7d234ba3964c428a6e40006340f53ba37993f46ed6e111c6e9141d18/uvloop-0.22.1-cp312-cp312-musllinux_1_2_x86_64.whl", hash = "sha256:512fec6815e2dd45161054592441ef76c830eddaad55c8aa30952e6fe1ed07c0", size = 4296343, upload-time = "2025-10-16T22:16:35.149Z" },
]

[[package]]
name = "watchfiles"
version = "1.1.1"
source = { registry = "https://pypi.org/simple" }
dependencies = [
    { name = "anyio" },
]
sdist = { url = "https://files.pythonhosted.org/packages/c2/c9/8869df9b2a2d6c59d79220a4db37679e74f807c559ffe5265e08b227a210/watchfiles-1.1.1.tar.gz", hash = "sha256:a173cb5c16c4f40ab19cecf48a534c409f7ea983ab8fed0741304a1c0a31b3f2", size = 94440, upload-time = "2025-10-14T15:06:21.08Z" }
wheels = [
    { url = "https://files.pythonhosted.org/packages/74/d5/f039e7e3c639d9b1d09b07ea412a6806d38123f0508e5f9b48a87b0a76cc/watchfiles-1.1.1-cp312-cp312-macosx_10_12_x86_64.whl", hash = "sha256:8c89f9f2f740a6b7dcc753140dd5e1ab9215966f7a3530d0c0705c83b401bd7d", size = 404745, upload-time = "2025-10-14T15:04:46.731Z" },
    { url = "https://files.pythonhosted.org/packages/a5/96/a881a13aa1349827490dab2d363c8039527060cfcc2c92cc6d13d1b1049e/watchfiles-1.1.1-cp312-cp312-macosx_11_0_arm64.whl", hash = "sha256:bd404be08018c37350f0d6e34676bd1e2889990117a2b90070b3007f172d0610", size = 391769, upload-time = "2025-10-14T15:04:48.003Z" },
    { url = "https://files.pythonhosted.org/packages/4b/5b/d3b460364aeb8da471c1989238ea0e56bec24b6042a68046adf3d9ddb01c/watchfiles-1.1.1-cp312-cp312-manylinux_2_17_aarch64.manylinux2014_aarch64.whl", hash = "sha256:8526e8f916bb5b9a0a777c8317c23ce65de259422bba5b31325a6fa6029d33af", size = 449374, upload-time = "2025-10-14T15:04:49.179Z" },
    { url = "https://files.pythonhosted.org/packages/b9/44/5769cb62d4ed055cb17417c0a109a92f007114a4e07f30812a73a4efdb11/watchfiles-1.1.1-cp312-cp312-manylinux_2_17_armv7l.manylinux2014_armv7l.whl", hash = "sha256:2edc3553362b1c38d9f06242416a5d8e9fe235c204a4072e988ce2e5bb1f69f6", size = 459485, upload-time = "2025-10-14T15:04:50.155Z" },
    { url = "https://files.pythonhosted.org/packages/19/0c/286b6301ded2eccd4ffd0041a1b726afda999926cf720aab63adb68a1e36/watchfiles-1.1.1-cp312-cp312-manylinux_2_17_i686.manylinux2014_i686.whl", hash = "sha256:30f7da3fb3f2844259cba4720c3fc7138eb0f7b659c38f3bfa65084c7fc7abce", size = 488813, upload-time = "2025-10-14T15:04:51.059Z" },
    { url = "https://files.pythonhosted.org/packages/c7/2b/8530ed41112dd4a22f4dcfdb5ccf6a1baad1ff6eed8dc5a5f09e7e8c41c7/watchfiles-1.1.1-cp312-cp312-manylinux_2_17_ppc64le.manylinux2014_ppc64le.whl", hash = "sha256:f8979280bdafff686ba5e4d8f97840f929a87ed9cdf133cbbd42f7766774d2aa", size = 594816, upload-time = "2025-10-14T15:04:52.031Z" },
    { url = "https://files.pythonhosted.org/packages/ce/d2/f5f9fb49489f184f18470d4f99f4e862a4b3e9ac2865688eb2099e3d837a/watchfiles-1.1.1-cp312-cp312-manylinux_2_17_s390x.manylinux2014_s390x.whl", hash = "sha256:dcc5c24523771db3a294c77d94771abcfcb82a0e0ee8efd910c37c59ec1b31bb", size = 475186, upload-time = "2025-10-14T15:04:53.064Z" },
    { url = "https://files.pythonhosted.org/packages/cf/68/5707da262a119fb06fbe214d82dd1fe4a6f4af32d2d14de368d0349eb52a/watchfiles-1.1.1-cp312-cp312-manylinux_2_17_x86_64.manylinux2014_x86_64.whl", hash = "sha256:1db5d7ae38ff20153d542460752ff397fcf5c96090c1230803713cf3147a6803", size = 456812, upload-time = "2025-10-14T15:04:55.174Z" },
    { url = "https://files.pythonhosted.org/packages/66/ab/3cbb8756323e8f9b6f9acb9ef4ec26d42b2109bce830cc1f3468df20511d/watchfiles-1.1.1-cp312-cp312-musllinux_1_1_aarch64.whl", hash = "sha256:28475ddbde92df1874b6c5c8aaeb24ad5be47a11f87cde5a28ef3835932e3e94", size = 630196, upload-time = "2025-10-14T15:04:56.22Z" },
    { url = "https://files.pythonhosted.org/packages/78/46/7152ec29b8335f80167928944a94955015a345440f524d2dfe63fc2f437b/watchfiles-1.1.1-cp312-cp312-musllinux_1_1_x86_64.whl", hash = "sha256:36193ed342f5b9842edd3532729a2ad55c4160ffcfa3700e0d54be496b70dd43", size = 622657, upload-time = "2025-10-14T15:04:57.521Z" },
    { url = "https://files.pythonhosted.org/packages/0a/bf/95895e78dd75efe9a7f31733607f384b42eb5feb54bd2eb6ed57cc2e94f4/watchfiles-1.1.1-cp312-cp312-win32.whl", hash = "sha256:859e43a1951717cc8de7f4c77674a6d389b106361585951d9e69572823f311d9", size = 272042, upload-time = "2025-10-14T15:04:59.046Z" },
    { url = "https://files.pythonhosted.org/packages/87/0a/90eb755f568de2688cb220171c4191df932232c20946966c27a59c400850/watchfiles-1.1.1-cp312-cp312-win_amd64.whl", hash = "sha256:91d4c9a823a8c987cce8fa2690923b069966dabb196dd8d137ea2cede885fde9", size = 288410, upload-time = "2025-10-14T15:05:00.081Z" },
    { url = "https://files.pythonhosted.org/packages/36/76/f322701530586922fbd6723c4f91ace21364924822a8772c549483abed13/watchfiles-1.1.1-cp312-cp312-win_arm64.whl", hash = "sha256:a625815d4a2bdca61953dbba5a39d60164451ef34c88d751f6c368c3ea73d404", size = 278209, upload-time = "2025-10-14T15:05:01.168Z" },
]

[[package]]
name = "websockets"
version = "16.0"
source = { registry = "https://pypi.org/simple" }
sdist = { url = "https://files.pythonhosted.org/packages/04/24/4b2031d72e840ce4c1ccb255f693b15c334757fc50023e4db9537080b8c4/websockets-16.0.tar.gz", hash = "sha256:5f6261a5e56e8d5c42a4497b364ea24d94d9563e8fbd44e78ac40879c60179b5", size = 179346, upload-time = "2026-01-10T09:23:47.181Z" }
wheels = [
    { url = "https://files.pythonhosted.org/packages/84/7b/bac442e6b96c9d25092695578dda82403c77936104b5682307bd4deb1ad4/websockets-16.0-cp312-cp312-macosx_10_13_universal2.whl", hash = "sha256:71c989cbf3254fbd5e84d3bff31e4da39c43f884e64f2551d14bb3c186230f00", size = 177365, upload-time = "2026-01-10T09:22:46.787Z" },
    { url = "https://files.pythonhosted.org/packages/b0/fe/136ccece61bd690d9c1f715baaeefd953bb2360134de73519d5df19d29ca/websockets-16.0-cp312-cp312-macosx_10_13_x86_64.whl", hash = "sha256:8b6e209ffee39ff1b6d0fa7bfef6de950c60dfb91b8fcead17da4ee539121a79", size = 175038, upload-time = "2026-01-10T09:22:47.999Z" },
    { url = "https://files.pythonhosted.org/packages/40/1e/9771421ac2286eaab95b8575b0cb701ae3663abf8b5e1f64f1fd90d0a673/websockets-16.0-cp312-cp312-macosx_11_0_arm64.whl", hash = "sha256:86890e837d61574c92a97496d590968b23c2ef0aeb8a9bc9421d174cd378ae39", size = 175328, upload-time = "2026-01-10T09:22:49.809Z" },
    { url = "https://files.pythonhosted.org/packages/18/29/71729b4671f21e1eaa5d6573031ab810ad2936c8175f03f97f3ff164c802/websockets-16.0-cp312-cp312-manylinux1_x86_64.manylinux_2_28_x86_64.manylinux_2_5_x86_64.whl", hash = "sha256:9b5aca38b67492ef518a8ab76851862488a478602229112c4b0d58d63a7a4d5c", size = 184915, upload-time = "2026-01-10T09:22:51.071Z" },
    { url = "https://files.pythonhosted.org/packages/97/bb/21c36b7dbbafc85d2d480cd65df02a1dc93bf76d97147605a8e27ff9409d/websockets-16.0-cp312-cp312-manylinux2014_aarch64.manylinux_2_17_aarch64.manylinux_2_28_aarch64.whl", hash = "sha256:e0334872c0a37b606418ac52f6ab9cfd17317ac26365f7f65e203e2d0d0d359f", size = 186152, upload-time = "2026-01-10T09:22:52.224Z" },
    { url = "https://files.pythonhosted.org/packages/4a/34/9bf8df0c0cf88fa7bfe36678dc7b02970c9a7d5e065a3099292db87b1be2/websockets-16.0-cp312-cp312-musllinux_1_2_aarch64.whl", hash = "sha256:a0b31e0b424cc6b5a04b8838bbaec1688834b2383256688cf47eb97412531da1", size = 185583, upload-time = "2026-01-10T09:22:53.443Z" },
    { url = "https://files.pythonhosted.org/packages/47/88/4dd516068e1a3d6ab3c7c183288404cd424a9a02d585efbac226cb61ff2d/websockets-16.0-cp312-cp312-musllinux_1_2_x86_64.whl", hash = "sha256:485c49116d0af10ac698623c513c1cc01c9446c058a4e61e3bf6c19dff7335a2", size = 184880, upload-time = "2026-01-10T09:22:55.033Z" },
    { url = "https://files.pythonhosted.org/packages/91/d6/7d4553ad4bf1c0421e1ebd4b18de5d9098383b5caa1d937b63df8d04b565/websockets-16.0-cp312-cp312-win32.whl", hash = "sha256:eaded469f5e5b7294e2bdca0ab06becb6756ea86894a47806456089298813c89", size = 178261, upload-time = "2026-01-10T09:22:56.251Z" },
    { url = "https://files.pythonhosted.org/packages/c3/f0/f3a17365441ed1c27f850a80b2bc680a0fa9505d733fe152fdf5e98c1c0b/websockets-16.0-cp312-cp312-win_amd64.whl", hash = "sha256:5569417dc80977fc8c2d43a86f78e0a5a22fee17565d78621b6bb264a115d4ea", size = 178693, upload-time = "2026-01-10T09:22:57.478Z" },
    { url = "https://files.pythonhosted.org/packages/6f/28/258ebab549c2bf3e64d2b0217b973467394a9cea8c42f70418ca2c5d0d2e/websockets-16.0-py3-none-any.whl", hash = "sha256:1637db62fad1dc833276dded54215f2c7fa46912301a24bd94d45d46a011ceec", size = 171598, upload-time = "2026-01-10T09:23:45.395Z" },
]
