version = 1
revision = 3
requires-python = "==3.12.*"

[[package]]
name = "annotated-types"
version = "0.7.0"
source = { registry = "https://pypi.org/simple" }
sdist = { url = "https://files.pythonhosted.org/packages/ee/67/531ea369ba64dcff5ec9c3402f9f51bf748cec26dde048a2f973a4eea7f5/annotated_types-0.7.0.tar.gz", hash = "sha256:aff07c09a53a08bc8cfccb9c85b05f1aa9a2a6f23728d790723543408344ce89", size = 16081, upload-time = "2024-05-20T21:33:25.928Z" }
wheels = [
    { url = "https://files.pythonhosted.org/packages/78/b6/6307fbef88d9b5ee7421e68d78a9f162e0da4900bc5f5793f6d3d0e34fb8/annotated_types-0.7.0-py3-none-any.whl", hash = "sha256:1f02e8b43a8fbbc3f3e0d4f0f4bfc8131bcb4eebe8849b8e5c773f3a1c582a53", size = 13643, upload-time = "2024-05-20T21:33:24.1Z" },
]

[[package]]
name = "pydantic"
version = "2.13.0"
source = { registry = "https://pypi.org/simple" }
dependencies = [
    { name = "annotated-types" },
    { name = "pydantic-core" },
    { name = "typing-extensions" },
    { name = "typing-inspection" },
]
sdist = { url = "https://files.pythonhosted.org/packages/84/6b/69fd5c7194b21ebde0f8637e2a4ddc766ada29d472bfa6a5ca533d79549a/pydantic-2.13.0.tar.gz", hash = "sha256:b89b575b6e670ebf6e7448c01b41b244f471edd276cd0b6fe02e7e7aca320070", size = 843468, upload-time = "2026-04-13T10:51:35.571Z" }
wheels = [
    { url = "https://files.pythonhosted.org/packages/01/d7/c3a52c61f5b7be648e919005820fbac33028c6149994cd64453f49951c17/pydantic-2.13.0-py3-none-any.whl", hash = "sha256:ab0078b90da5f3e2fd2e71e3d9b457ddcb35d0350854fbda93b451e28d56baaf", size = 471872, upload-time = "2026-04-13T10:51:33.343Z" },
]

[[package]]
name = "pydantic-core"
version = "2.46.0"
source = { registry = "https://pypi.org/simple" }
dependencies = [
    { name = "typing-extensions" },
]
sdist = { url = "https://files.pythonhosted.org/packages/6f/0a/9414cddf82eda3976b14048cc0fa8f5b5d1aecb0b22e1dcd2dbfe0e139b1/pydantic_core-2.46.0.tar.gz", hash = "sha256:82d2498c96be47b47e903e1378d1d0f770097ec56ea953322f39936a7cf34977", size = 471441, upload-time = "2026-04-13T09:06:33.813Z" }
wheels = [
    { url = "https://files.pythonhosted.org/packages/a7/d2/206c72ad47071559142a35f71efc29eb16448a4a5ae9487230ab8e4e292b/pydantic_core-2.46.0-cp312-cp312-macosx_10_12_x86_64.whl", hash = "sha256:66ccedb02c934622612448489824955838a221b3a35875458970521ef17b2f9c", size = 2117060, upload-time = "2026-04-13T09:04:47.443Z" },
    { url = "https://files.pythonhosted.org/packages/17/2c/7a53b33f91c8b77e696b1a6aa3bed609bf9374bdc0f8dcda681bc7d922b8/pydantic_core-2.46.0-cp312-cp312-macosx_11_0_arm64.whl", hash = "sha256:a44f27f4d2788ef9876ec47a43739b118c5904d74f418f53398f6ced3bbcacf2", size = 1951802, upload-time = "2026-04-13T09:05:34.591Z" },
    { url = "https://files.pythonhosted.org/packages/fc/20/90e548c1f6d38800ef11c915881525770ce270d8e5e887563ff046a08674/pydantic_core-2.46.0-cp312-cp312-manylinux_2_17_aarch64.manylinux2014_aarch64.whl", hash = "sha256:f26a1032bcce6ca4b4670eb3f7d8195bd0a8b8f255f1307823e217ca3cfa7c27", size = 1976621, upload-time = "2026-04-13T09:04:03.909Z" },
    { url = "https://files.pythonhosted.org/packages/20/3c/9c5810ca70b60c623488cdd80f7e9ee1a0812df81e97098b64788719860f/pydantic_core-2.46.0-cp312-cp312-manylinux_2_17_armv7l.manylinux2014_armv7l.whl", hash = "sha256:1b8d1412f725060527e56675904b17a2d421dddcf861eecf7c75b9dda47921a4", size = 2056721, upload-time = "2026-04-13T09:04:40.992Z" },
    { url = "https://files.pythonhosted.org/packages/1a/a3/d6e5f4cdec84278431c75540f90838c9d0a4dfe9402a8f3902073660ff28/pydantic_core-2.46.0-cp312-cp312-manylinux_2_17_ppc64le.manylinux2014_ppc64le.whl", hash = "sha256:dc3d1569edd859cabaa476cabce9eecd05049a7966af7b4a33b541bfd4ca1104", size = 2239634, upload-time = "2026-04-13T09:03:52.478Z" },
    { url = "https://files.pythonhosted.org/packages/46/42/ef58aacf330d8de6e309d62469aa1f80e945eaf665929b4037ac1bfcebc1/pydantic_core-2.46.0-cp312-cp312-manylinux_2_17_s390x.manylinux2014_s390x.whl", hash = "sha256:38108976f2d8afaa8f5067fd1390a8c9f5cc580175407cda636e76bc76e88054", size = 2315739, upload-time = "2026-04-13T09:05:04.971Z" },
    { url = "https://files.pythonhosted.org/packages/8b/86/c63b12fafa2d86a515bfd1840b39c23a49302f02b653161bf9c3a0566c50/pydantic_core-2.46.0-cp312-cp312-manylinux_2_17_x86_64.manylinux2014_x86_64.whl", hash = "sha256:3a5a06d8ed01dad5575056b5187e5959b336793c6047920a3441ee5b03533836", size = 2098169, upload-time = "2026-04-13T09:07:27.151Z" },
    { url = "https://files.pythonhosted.org/packages/76/19/b5b33a2f6be4755b21a20434293c4364be255f4c1a108f125d101d4cc4ee/pydantic_core-2.46.0-cp312-cp312-manylinux_2_31_riscv64.whl", hash = "sha256:04017ace142da9ce27cafd423a480872571b5c7e80382aec22f7d715ca8eb870", size = 2170830, upload-time = "2026-04-13T09:04:39.448Z" },
    { url = "https://files.pythonhosted.org/packages/99/ae/7559f99a29b7d440012ddb4da897359304988a881efaca912fd2f655652e/pydantic_core-2.46.0-cp312-cp312-manylinux_2_5_i686.manylinux1_i686.whl", hash = "sha256:2629ad992ed1b1c012e6067f5ffafd3336fcb9b54569449fabb85621f1444ed3", size = 2203901, upload-time = "2026-04-13T09:04:01.048Z" },
    { url = "https://files.pythonhosted.org/packages/dd/0e/b0ef945a39aeb4ac58da316813e1106b7fbdfbf20ac141c1c27904355ac5/pydantic_core-2.46.0-cp312-cp312-musllinux_1_1_aarch64.whl", hash = "sha256:3068b1e7bd986aebc88f6859f8353e72072538dcf92a7fb9cf511a0f61c5e729", size = 2191789, upload-time = "2026-04-13T09:06:39.915Z" },
    { url = "https://files.pythonhosted.org/packages/90/f4/830484e07188c1236b013995818888ab93bab8fd88aa9689b1d8fd22220d/pydantic_core-2.46.0-cp312-cp312-musllinux_1_1_armv7l.whl", hash = "sha256:1e366916ff69ff700aa9326601634e688581bc24c5b6b4f8738d809ec7d72611", size = 2344423, upload-time = "2026-04-13T09:05:12.252Z" },
    { url = "https://files.pythonhosted.org/packages/fd/ba/e455c18cbdc333177af754e740be4fe9d1de173d65bbe534daf88da02ac0/pydantic_core-2.46.0-cp312-cp312-musllinux_1_1_x86_64.whl", hash = "sha256:485a23e8f4618a1b8e23ac744180acde283fffe617f96923d25507d5cade62ec", size = 2384037, upload-time = "2026-04-13T09:06:24.503Z" },
    { url = "https://files.pythonhosted.org/packages/78/1f/b35d20d73144a41e78de0ae398e60fdd8bed91667daa1a5a92ab958551ba/pydantic_core-2.46.0-cp312-cp312-win32.whl", hash = "sha256:520940e1b702fe3b33525d0351777f25e9924f1818ca7956447dabacf2d339fd", size = 1967068, upload-time = "2026-04-13T09:05:23.374Z" },
    { url = "https://files.pythonhosted.org/packages/d1/84/4b6252e9606e8295647b848233cc4137ee0a04ebba8f0f9fb2977655b38c/pydantic_core-2.46.0-cp312-cp312-win_amd64.whl", hash = "sha256:90d2048e0339fa365e5a66aefe760ddd3b3d0a45501e088bc5bc7f4ed9ff9571", size = 2071008, upload-time = "2026-04-13T09:05:21.392Z" },
    { url = "https://files.pythonhosted.org/packages/39/95/d08eb508d4d5560ccbd226ee5971e5ef9b749aba9b413c0c4ed6e406d4f6/pydantic_core-2.46.0-cp312-cp312-win_arm64.whl", hash = "sha256:a70247649b7dffe36648e8f34be5ce8c5fa0a27ff07b071ea780c20a738c05ce", size = 2036634, upload-time = "2026-04-13T09:05:48.299Z" },
    { url = "https://files.pythonhosted.org/packages/74/0c/106ed5cc50393d90523f09adcc50d05e42e748eb107dc06aea971137f02d/pydantic_core-2.46.0-graalpy312-graalpy250_312_native-macosx_10_12_x86_64.whl", hash = "sha256:bc0e2fefe384152d7da85b5c2fe8ce2bf24752f68a58e3f3ea42e28a29dfdeb2", size = 2104968, upload-time = "2026-04-13T09:06:26.967Z" },
    { url = "https://files.pythonhosted.org/packages/f5/71/b494cef3165e3413ee9bbbb5a9eedc9af0ea7b88d8638beef6c2061b110e/pydantic_core-2.46.0-graalpy312-graalpy250_312_native-macosx_11_0_arm64.whl", hash = "sha256:a2ab0e785548be1b4362a62c4004f9217598b7ee465f1f420fc2123e2a5b5b02", size = 1940442, upload-time = "2026-04-13T09:06:29.332Z" },
    { url = "https://files.pythonhosted.org/packages/7e/3e/a4d578c8216c443e26a1124f8c1e07c0654264ce5651143d3883d85ff140/pydantic_core-2.46.0-graalpy312-graalpy250_312_native-manylinux_2_17_aarch64.manylinux2014_aarch64.whl", hash = "sha256:16d45aecb18b8cba1c68eeb17c2bb2d38627ceed04c5b30b882fc9134e01f187", size = 1999672, upload-time = "2026-04-13T09:04:42.798Z" },
    { url = "https://files.pythonhosted.org/packages/cd/c1/9114560468685525a21770138382fd0cb849aaf351ff2c7b97f760d121e0/pydantic_core-2.46.0-graalpy312-graalpy250_312_native-manylinux_2_17_x86_64.manylinux2014_x86_64.whl", hash = "sha256:5078f6c377b002428e984259ac327ef8902aacae6c14b7de740dd4869a491501", size = 2154533, upload-time = "2026-04-13T09:04:50.868Z" },
]

[[package]]
name = "tool-test"
version = "0.1.0"
source = { virtual = "." }
dependencies = [
    { name = "pydantic" },
]

[package.metadata]
requires-dist = [{ name = "pydantic", specifier = ">=2.0" }]

[[package]]
name = "typing-extensions"
version = "4.15.0"
source = { registry = "https://pypi.org/simple" }
sdist = { url = "https://files.pythonhosted.org/packages/72/94/1a15dd82efb362ac84269196e94cf00f187f7ed21c242792a923cdb1c61f/typing_extensions-4.15.0.tar.gz", hash = "sha256:0cea48d173cc12fa28ecabc3b837ea3cf6f38c6d1136f85cbaaf598984861466", size = 109391, upload-time = "2025-08-25T13:49:26.313Z" }
wheels = [
    { url = "https://files.pythonhosted.org/packages/18/67/36e9267722cc04a6b9f15c7f3441c2363321a3ea07da7ae0c0707beb2a9c/typing_extensions-4.15.0-py3-none-any.whl", hash = "sha256:f0fa19c6845758ab08074a0cfa8b7aecb71c999ca73d62883bc25cc018c4e548", size = 44614, upload-time = "2025-08-25T13:49:24.86Z" },
]

[[package]]
name = "typing-inspection"
version = "0.4.2"
source = { registry = "https://pypi.org/simple" }
dependencies = [
    { name = "typing-extensions" },
]
sdist = { url = "https://files.pythonhosted.org/packages/55/e3/70399cb7dd41c10ac53367ae42139cf4b1ca5f36bb3dc6c9d33acdb43655/typing_inspection-0.4.2.tar.gz", hash = "sha256:ba561c48a67c5958007083d386c3295464928b01faa735ab8547c5692e87f464", size = 75949, upload-time = "2025-10-01T02:14:41.687Z" }
wheels = [
    { url = "https://files.pythonhosted.org/packages/dc/9b/47798a6c91d8bdb567fe2698fe81e0c6b7cb7ef4d13da4114b41d239f65d/typing_inspection-0.4.2-py3-none-any.whl", hash = "sha256:4ed1cacbdc298c220f1bd249ed5287caa16f34d44ef4e9c3d0cbad5b521545e7", size = 14611, upload-time = "2025-10-01T02:14:40.154Z" },
]
